// !$*UTF8*$!
{
	archiveVersion = 1;
	classes = {
	};
	objectVersion = 56;
	objects = {

/* Begin PBXBuildFile section */
		D527E82E29B3E3FD00832AA9 /* DivvlyApp.swift in Sources */ = {isa = PBXBuildFile; fileRef = D527E82D29B3E3FD00832AA9 /* DivvlyApp.swift */; };
		D527E83029B3E3FD00832AA9 /* ContentView.swift in Sources */ = {isa = PBXBuildFile; fileRef = D527E82F29B3E3FD00832AA9 /* ContentView.swift */; };
		D527E83229B3E3FD00832AA9 /* Assets.xcassets in Resources */ = {isa = PBXBuildFile; fileRef = D527E83129B3E3FD00832AA9 /* Assets.xcassets */; };
		D527E83529B3E3FD00832AA9 /* Preview Assets.xcassets in Resources */ = {isa = PBXBuildFile; fileRef = D527E83429B3E3FD00832AA9 /* Preview Assets.xcassets */; };
		D527E83729B3E3FD00832AA9 /* Persistence.swift in Sources */ = {isa = PBXBuildFile; fileRef = D527E83629B3E3FD00832AA9 /* Persistence.swift */; };
		D527E83A29B3E3FD00832AA9 /* Divvly.xcdatamodeld in Sources */ = {isa = PBXBuildFile; fileRef = D527E83829B3E3FD00832AA9 /* Divvly.xcdatamodeld */; };
		D527E84429B3E3FE00832AA9 /* DivvlyTests.swift in Sources */ = {isa = PBXBuildFile; fileRef = D527E84329B3E3FE00832AA9 /* DivvlyTests.swift */; };
		D527E84E29B3E3FE00832AA9 /* DivvlyUITests.swift in Sources */ = {isa = PBXBuildFile; fileRef = D527E84D29B3E3FE00832AA9 /* DivvlyUITests.swift */; };
		D527E85029B3E3FE00832AA9 /* DivvlyUITestsLaunchTests.swift in Sources */ = {isa = PBXBuildFile; fileRef = D527E84F29B3E3FE00832AA9 /* DivvlyUITestsLaunchTests.swift */; };
/* End PBXBuildFile section */

/* Begin PBXContainerItemProxy section */
		D527E84029B3E3FE00832AA9 /* PBXContainerItemProxy */ = {
			isa = PBXContainerItemProxy;
			containerPortal = D527E82229B3E3FD00832AA9 /* Project object */;
			proxyType = 1;
			remoteGlobalIDString = D527E82929B3E3FD00832AA9;
			remoteInfo = Divvly;
		};
		D527E84A29B3E3FE00832AA9 /* PBXContainerItemProxy */ = {
			isa = PBXContainerItemProxy;
			containerPortal = D527E82229B3E3FD00832AA9 /* Project object */;
			proxyType = 1;
			remoteGlobalIDString = D527E82929B3E3FD00832AA9;
			remoteInfo = Divvly;
		};
/* End PBXContainerItemProxy section */

/* Begin PBXFileReference section */
		D527E82A29B3E3FD00832AA9 /* Divvly.app */ = {isa = PBXFileReference; explicitFileType = wrapper.application; includeInIndex = 0; path = Divvly.app; sourceTree = BUILT_PRODUCTS_DIR; };
		D527E82D29B3E3FD00832AA9 /* DivvlyApp.swift */ = {isa = PBXFileReference; lastKnownFileType = sourcecode.swift; path = DivvlyApp.swift; sourceTree = "<group>"; };
		D527E82F29B3E3FD00832AA9 /* ContentView.swift */ = {isa = PBXFileReference; lastKnownFileType = sourcecode.swift; path = ContentView.swift; sourceTree = "<group>"; };
		D527E83129B3E3FD00832AA9 /* Assets.xcassets */ = {isa = PBXFileReference; lastKnownFileType = folder.assetcatalog; path = Assets.xcassets; sourceTree = "<group>"; };
		D527E83429B3E3FD00832AA9 /* Preview Assets.xcassets */ = {isa = PBXFileReference; lastKnownFileType = folder.assetcatalog; path = "Preview Assets.xcassets"; sourceTree = "<group>"; };
		D527E83629B3E3FD00832AA9 /* Persistence.swift */ = {isa = PBXFileReference; lastKnownFileType = sourcecode.swift; path = Persistence.swift; sourceTree = "<group>"; };
		D527E83929B3E3FD00832AA9 /* Divvly.xcdatamodel */ = {isa = PBXFileReference; lastKnownFileType = wrapper.xcdatamodel; path = Divvly.xcdatamodel; sourceTree = "<group>"; };
		D527E83F29B3E3FE00832AA9 /* DivvlyTests.xctest */ = {isa = PBXFileReference; explicitFileType = wrapper.cfbundle; includeInIndex = 0; path = DivvlyTests.xctest; sourceTree = BUILT_PRODUCTS_DIR; };
		D527E84329B3E3FE00832AA9 /* DivvlyTests.swift */ = {isa = PBXFileReference; lastKnownFileType = sourcecode.swift; path = DivvlyTests.swift; sourceTree = "<group>"; };
		D527E84929B3E3FE00832AA9 /* DivvlyUITests.xctest */ = {isa = PBXFileReference; explicitFileType = wrapper.cfbundle; includeInIndex = 0; path = DivvlyUITests.xctest; sourceTree = BUILT_PRODUCTS_DIR; };
		D527E84D29B3E3FE00832AA9 /* DivvlyUITests.swift */ = {isa = PBXFileReference; lastKnownFileType = sourcecode.swift; path = DivvlyUITests.swift; sourceTree = "<group>"; };
		D527E84F29B3E3FE00832AA9 /* DivvlyUITestsLaunchTests.swift */ = {isa = PBXFileReference; lastKnownFileType = sourcecode.swift; path = DivvlyUITestsLaunchTests.swift; sourceTree = "<group>"; };
/* End PBXFileReference section */

/* Begin PBXFrameworksBuildPhase section */
		D527E82729B3E3FD00832AA9 /* Frameworks */ = {
			isa = PBXFrameworksBuildPhase;
			buildActionMask = 2147483647;
			files = (
			);
			runOnlyForDeploymentPostprocessing = 0;
		};
		D527E83C29B3E3FE00832AA9 /* Frameworks */ = {
			isa = PBXFrameworksBuildPhase;
			buildActionMask = 2147483647;
			files = (
			);
			runOnlyForDeploymentPostprocessing = 0;
		};
		D527E84629B3E3FE00832AA9 /* Frameworks */ = {
			isa = PBXFrameworksBuildPhase;
			buildActionMask = 2147483647;
			files = (
			);
			runOnlyForDeploymentPostprocessing = 0;
		};
/* End PBXFrameworksBuildPhase section */

/* Begin PBXGroup section */
		D527E82129B3E3FD00832AA9 = {
			isa = PBXGroup;
			children = (
				D527E82C29B3E3FD00832AA9 /* Divvly */,
				D527E84229B3E3FE00832AA9 /* DivvlyTests */,
				D527E84C29B3E3FE00832AA9 /* DivvlyUITests */,
				D527E82B29B3E3FD00832AA9 /* Products */,
			);
			sourceTree = "<group>";
		};
		D527E82B29B3E3FD00832AA9 /* Products */ = {
			isa = PBXGroup;
			children = (
				D527E82A29B3E3FD00832AA9 /* Divvly.app */,
				D527E83F29B3E3FE00832AA9 /* DivvlyTests.xctest */,
				D527E84929B3E3FE00832AA9 /* DivvlyUITests.xctest */,
			);
			name = Products;
			sourceTree = "<group>";
		};
		D527E82C29B3E3FD00832AA9 /* Divvly */ = {
			isa = PBXGroup;
			children = (
				D527E82D29B3E3FD00832AA9 /* DivvlyApp.swift */,
				D527E82F29B3E3FD00832AA9 /* ContentView.swift */,
				D527E83129B3E3FD00832AA9 /* Assets.xcassets */,
				D527E83629B3E3FD00832AA9 /* Persistence.swift */,
				D527E83829B3E3FD00832AA9 /* Divvly.xcdatamodeld */,
				D527E83329B3E3FD00832AA9 /* Preview Content */,
			);
			path = Divvly;
			sourceTree = "<group>";
		};
		D527E83329B3E3FD00832AA9 /* Preview Content */ = {
			isa = PBXGroup;
			children = (
				D527E83429B3E3FD00832AA9 /* Preview Assets.xcassets */,
			);
			path = "Preview Content";
			sourceTree = "<group>";
		};
		D527E84229B3E3FE00832AA9 /* DivvlyTests */ = {
			isa = PBXGroup;
			children = (
				D527E84329B3E3FE00832AA9 /* DivvlyTests.swift */,
			);
			path = DivvlyTests;
			sourceTree = "<group>";
		};
		D527E84C29B3E3FE00832AA9 /* DivvlyUITests */ = {
			isa = PBXGroup;
			children = (
				D527E84D29B3E3FE00832AA9 /* DivvlyUITests.swift */,
				D527E84F29B3E3FE00832AA9 /* DivvlyUITestsLaunchTests.swift */,
			);
			path = DivvlyUITests;
			sourceTree = "<group>";
		};
/* End PBXGroup section */

/* Begin PBXNativeTarget section */
		D527E82929B3E3FD00832AA9 /* Divvly */ = {
			isa = PBXNativeTarget;
			buildConfigurationList = D527E85329B3E3FE00832AA9 /* Build configuration list for PBXNativeTarget "Divvly" */;
			buildPhases = (
				D527E82629B3E3FD00832AA9 /* Sources */,
				D527E82729B3E3FD00832AA9 /* Frameworks */,
				D527E82829B3E3FD00832AA9 /* Resources */,
			);
			buildRules = (
			);
			dependencies = (
			);
			name = Divvly;
			productName = Divvly;
			productReference = D527E82A29B3E3FD00832AA9 /* Divvly.app */;
			productType = "com.apple.product-type.application";
		};
		D527E83E29B3E3FE00832AA9 /* DivvlyTests */ = {
			isa = PBXNativeTarget;
			buildConfigurationList = D527E85629B3E3FE00832AA9 /* Build configuration list for PBXNativeTarget "DivvlyTests" */;
			buildPhases = (
				D527E83B29B3E3FE00832AA9 /* Sources */,
				D527E83C29B3E3FE00832AA9 /* Frameworks */,
				D527E83D29B3E3FE00832AA9 /* Resources */,
			);
			buildRules = (
			);
			dependencies = (
				D527E84129B3E3FE00832AA9 /* PBXTargetDependency */,
			);
			name = DivvlyTests;
			productName = DivvlyTests;
			productReference = D527E83F29B3E3FE00832AA9 /* DivvlyTests.xctest */;
			productType = "com.apple.product-type.bundle.unit-test";
		};
		D527E84829B3E3FE00832AA9 /* DivvlyUITests */ = {
			isa = PBXNativeTarget;
			buildConfigurationList = D527E85929B3E3FE00832AA9 /* Build configuration list for PBXNativeTarget "DivvlyUITests" */;
			buildPhases = (
				D527E84529B3E3FE00832AA9 /* Sources */,
				D527E84629B3E3FE00832AA9 /* Frameworks */,
				D527E84729B3E3FE00832AA9 /* Resources */,
			);
			buildRules = (
			);
			dependencies = (
				D527E84B29B3E3FE00832AA9 /* PBXTargetDependency */,
			);
			name = DivvlyUITests;
			productName = DivvlyUITests;
			productReference = D527E84929B3E3FE00832AA9 /* DivvlyUITests.xctest */;
			productType = "com.apple.product-type.bundle.ui-testing";
		};
/* End PBXNativeTarget section */

/* Begin PBXProject section */
		D527E82229B3E3FD00832AA9 /* Project object */ = {
			isa = PBXProject;
			attributes = {
				BuildIndependentTargetsInParallel = 1;
				LastSwiftUpdateCheck = 1420;
				LastUpgradeCheck = 1420;
				TargetAttributes = {
					D527E82929B3E3FD00832AA9 = {
						CreatedOnToolsVersion = 14.2;
					};
					D527E83E29B3E3FE00832AA9 = {
						CreatedOnToolsVersion = 14.2;
						TestTargetID = D527E82929B3E3FD00832AA9;
					};
					D527E84829B3E3FE00832AA9 = {
						CreatedOnToolsVersion = 14.2;
						TestTargetID = D527E82929B3E3FD00832AA9;
					};
				};
			};
			buildConfigurationList = D527E82529B3E3FD00832AA9 /* Build configuration list for PBXProject "Divvly" */;
			compatibilityVersion = "Xcode 14.0";
			developmentRegion = en;
			hasScannedForEncodings = 0;
			knownRegions = (
				en,
				Base,
			);
			mainGroup = D527E82129B3E3FD00832AA9;
			productRefGroup = D527E82B29B3E3FD00832AA9 /* Products */;
			projectDirPath = "";
			projectRoot = "";
			targets = (
				D527E82929B3E3FD00832AA9 /* Divvly */,
				D527E83E29B3E3FE00832AA9 /* DivvlyTests */,
				D527E84829B3E3FE00832AA9 /* DivvlyUITests */,
			);
		};
/* End PBXProject section */

/* Begin PBXResourcesBuildPhase section */
		D527E82829B3E3FD00832AA9 /* Resources */ = {
			isa = PBXResourcesBuildPhase;
			buildActionMask = 2147483647;
			files = (
				D527E83529B3E3FD00832AA9 /* Preview Assets.xcassets in Resources */,
				D527E83229B3E3FD00832AA9 /* Assets.xcassets in Resources */,
			);
			runOnlyForDeploymentPostprocessing = 0;
		};
		D527E83D29B3E3FE00832AA9 /* Resources */ = {
			isa = PBXResourcesBuildPhase;
			buildActionMask = 2147483647;
			files = (
			);
			runOnlyForDeploymentPostprocessing = 0;
		};
		D527E84729B3E3FE00832AA9 /* Resources */ = {
			isa = PBXResourcesBuildPhase;
			buildActionMask = 2147483647;
			files = (
			);
			runOnlyForDeploymentPostprocessing = 0;
		};
/* End PBXResourcesBuildPhase section */

/* Begin PBXSourcesBuildPhase section */
		D527E82629B3E3FD00832AA9 /* Sources */ = {
			isa = PBXSourcesBuildPhase;
			buildActionMask = 2147483647;
			files = (
				D527E83729B3E3FD00832AA9 /* Persistence.swift in Sources */,
				D527E83A29B3E3FD00832AA9 /* Divvly.xcdatamodeld in Sources */,
				D527E83029B3E3FD00832AA9 /* ContentView.swift in Sources */,
				D527E82E29B3E3FD00832AA9 /* DivvlyApp.swift in Sources */,
			);
			runOnlyForDeploymentPostprocessing = 0;
		};
		D527E83B29B3E3FE00832AA9 /* Sources */ = {
			isa = PBXSourcesBuildPhase;
			buildActionMask = 2147483647;
			files = (
				D527E84429B3E3FE00832AA9 /* DivvlyTests.swift in Sources */,
			);
			runOnlyForDeploymentPostprocessing = 0;
		};
		D527E84529B3E3FE00832AA9 /* Sources */ = {
			isa = PBXSourcesBuildPhase;
			buildActionMask = 2147483647;
			files = (
				D527E85029B3E3FE00832AA9 /* DivvlyUITestsLaunchTests.swift in Sources */,
				D527E84E29B3E3FE00832AA9 /* DivvlyUITests.swift in Sources */,
			);
			runOnlyForDeploymentPostprocessing = 0;
		};
/* End PBXSourcesBuildPhase section */

/* Begin PBXTargetDependency section */
		D527E84129B3E3FE00832AA9 /* PBXTargetDependency */ = {
			isa = PBXTargetDependency;
			target = D527E82929B3E3FD00832AA9 /* Divvly */;
			targetProxy = D527E84029B3E3FE00832AA9 /* PBXContainerItemProxy */;
		};
		D527E84B29B3E3FE00832AA9 /* PBXTargetDependency */ = {
			isa = PBXTargetDependency;
			target = D527E82929B3E3FD00832AA9 /* Divvly */;
			targetProxy = D527E84A29B3E3FE00832AA9 /* PBXContainerItemProxy */;
		};
/* End PBXTargetDependency section */

/* Begin XCBuildConfiguration section */
		D527E85129B3E3FE00832AA9 /* Debug */ = {
			isa = XCBuildConfiguration;
			buildSettings = {
				ALWAYS_SEARCH_USER_PATHS = NO;
				CLANG_ANALYZER_NONNULL = YES;
				CLANG_ANALYZER_NUMBER_OBJECT_CONVERSION = YES_AGGRESSIVE;
				CLANG_CXX_LANGUAGE_STANDARD = "gnu++20";
				CLANG_ENABLE_MODULES = YES;
				CLANG_ENABLE_OBJC_ARC = YES;
				CLANG_ENABLE_OBJC_WEAK = YES;
				CLANG_WARN_BLOCK_CAPTURE_AUTORELEASING = YES;
				CLANG_WARN_BOOL_CONVERSION = YES;
				CLANG_WARN_COMMA = YES;
				CLANG_WARN_CONSTANT_CONVERSION = YES;
				CLANG_WARN_DEPRECATED_OBJC_IMPLEMENTATIONS = YES;
				CLANG_WARN_DIRECT_OBJC_ISA_USAGE = YES_ERROR;
				CLANG_WARN_DOCUMENTATION_COMMENTS = YES;
				CLANG_WARN_EMPTY_BODY = YES;
				CLANG_WARN_ENUM_CONVERSION = YES;
				CLANG_WARN_INFINITE_RECURSION = YES;
				CLANG_WARN_INT_CONVERSION = YES;
				CLANG_WARN_NON_LITERAL_NULL_CONVERSION = YES;
				CLANG_WARN_OBJC_IMPLICIT_RETAIN_SELF = YES;
				CLANG_WARN_OBJC_LITERAL_CONVERSION = YES;
				CLANG_WARN_OBJC_ROOT_CLASS = YES_ERROR;
				CLANG_WARN_QUOTED_INCLUDE_IN_FRAMEWORK_HEADER = YES;
				CLANG_WARN_RANGE_LOOP_ANALYSIS = YES;
				CLANG_WARN_STRICT_PROTOTYPES = YES;
				CLANG_WARN_SUSPICIOUS_MOVE = YES;
				CLANG_WARN_UNGUARDED_AVAILABILITY = YES_AGGRESSIVE;
				CLANG_WARN_UNREACHABLE_CODE = YES;
				CLANG_WARN__DUPLICATE_METHOD_MATCH = YES;
				COPY_PHASE_STRIP = NO;
				DEBUG_INFORMATION_FORMAT = dwarf;
				ENABLE_STRICT_OBJC_MSGSEND = YES;
				ENABLE_TESTABILITY = YES;
				GCC_C_LANGUAGE_STANDARD = gnu11;
				GCC_DYNAMIC_NO_PIC = NO;
				GCC_NO_COMMON_BLOCKS = YES;
				GCC_OPTIMIZATION_LEVEL = 0;
				GCC_PREPROCESSOR_DEFINITIONS = (
					"DEBUG=1",
					"$(inherited)",
				);
				GCC_WARN_64_TO_32_BIT_CONVERSION = YES;
				GCC_WARN_ABOUT_RETURN_TYPE = YES_ERROR;
				GCC_WARN_UNDECLARED_SELECTOR = YES;
				GCC_WARN_UNINITIALIZED_AUTOS = YES_AGGRESSIVE;
				GCC_WARN_UNUSED_FUNCTION = YES;
				GCC_WARN_UNUSED_VARIABLE = YES;
				IPHONEOS_DEPLOYMENT_TARGET = 16.2;
				MTL_ENABLE_DEBUG_INFO = INCLUDE_SOURCE;
				MTL_FAST_MATH = YES;
				ONLY_ACTIVE_ARCH = YES;
				SDKROOT = iphoneos;
				SWIFT_ACTIVE_COMPILATION_CONDITIONS = DEBUG;
				SWIFT_OPTIMIZATION_LEVEL = "-Onone";
			};
			name = Debug;
		};
		D527E85229B3E3FE00832AA9 /* Release */ = {
			isa = XCBuildConfiguration;
			buildSettings = {
				ALWAYS_SEARCH_USER_PATHS = NO;
				CLANG_ANALYZER_NONNULL = YES;
				CLANG_ANALYZER_NUMBER_OBJECT_CONVERSION = YES_AGGRESSIVE;
				CLANG_CXX_LANGUAGE_STANDARD = "gnu++20";
				CLANG_ENABLE_MODULES = YES;
				CLANG_ENABLE_OBJC_ARC = YES;
				CLANG_ENABLE_OBJC_WEAK = YES;
				CLANG_WARN_BLOCK_CAPTURE_AUTORELEASING = YES;
				CLANG_WARN_BOOL_CONVERSION = YES;
				CLANG_WARN_COMMA = YES;
				CLANG_WARN_CONSTANT_CONVERSION = YES;
				CLANG_WARN_DEPRECATED_OBJC_IMPLEMENTATIONS = YES;
				CLANG_WARN_DIRECT_OBJC_ISA_USAGE = YES_ERROR;
				CLANG_WARN_DOCUMENTATION_COMMENTS = YES;
				CLANG_WARN_EMPTY_BODY = YES;
				CLANG_WARN_ENUM_CONVERSION = YES;
				CLANG_WARN_INFINITE_RECURSION = YES;
				CLANG_WARN_INT_CONVERSION = YES;
				CLANG_WARN_NON_LITERAL_NULL_CONVERSION = YES;
				CLANG_WARN_OBJC_IMPLICIT_RETAIN_SELF = YES;
				CLANG_WARN_OBJC_LITERAL_CONVERSION = YES;
				CLANG_WARN_OBJC_ROOT_CLASS = YES_ERROR;
				CLANG_WARN_QUOTED_INCLUDE_IN_FRAMEWORK_HEADER = YES;
				CLANG_WARN_RANGE_LOOP_ANALYSIS = YES;
				CLANG_WARN_STRICT_PROTOTYPES = YES;
				CLANG_WARN_SUSPICIOUS_MOVE = YES;
				CLANG_WARN_UNGUARDED_AVAILABILITY = YES_AGGRESSIVE;
				CLANG_WARN_UNREACHABLE_CODE = YES;
				CLANG_WARN__DUPLICATE_METHOD_MATCH = YES;
				COPY_PHASE_STRIP = NO;
				DEBUG_INFORMATION_FORMAT = "dwarf-with-dsym";
				ENABLE_NS_ASSERTIONS = NO;
				ENABLE_STRICT_OBJC_MSGSEND = YES;
				GCC_C_LANGUAGE_STANDARD = gnu11;
				GCC_NO_COMMON_BLOCKS = YES;
				GCC_WARN_64_TO_32_BIT_CONVERSION = YES;
				GCC_WARN_ABOUT_RETURN_TYPE = YES_ERROR;
				GCC_WARN_UNDECLARED_SELECTOR = YES;
				GCC_WARN_UNINITIALIZED_AUTOS = YES_AGGRESSIVE;
				GCC_WARN_UNUSED_FUNCTION = YES;
				GCC_WARN_UNUSED_VARIABLE = YES;
				IPHONEOS_DEPLOYMENT_TARGET = 16.2;
				MTL_ENABLE_DEBUG_INFO = NO;
				MTL_FAST_MATH = YES;
				SDKROOT = iphoneos;
				SWIFT_COMPILATION_MODE = wholemodule;
				SWIFT_OPTIMIZATION_LEVEL = "-O";
				VALIDATE_PRODUCT = YES;
			};
			name = Release;
		};
		D527E85429B3E3FE00832AA9 /* Debug */ = {
			isa = XCBuildConfiguration;
			buildSettings = {
				ASSETCATALOG_COMPILER_APPICON_NAME = AppIcon;
				ASSETCATALOG_COMPILER_GLOBAL_ACCENT_COLOR_NAME = AccentColor;
				CODE_SIGN_STYLE = Automatic;
				CURRENT_PROJECT_VERSION = 1;
				DEVELOPMENT_ASSET_PATHS = "\"Divvly/Preview Content\"";
				DEVELOPMENT_TEAM = 66FV5XWR7J;
				ENABLE_PREVIEWS = YES;
				GENERATE_INFOPLIST_FILE = YES;
				INFOPLIST_KEY_UIApplicationSceneManifest_Generation = YES;
				INFOPLIST_KEY_UIApplicationSupportsIndirectInputEvents = YES;
				INFOPLIST_KEY_UILaunchScreen_Generation = YES;
				INFOPLIST_KEY_UISupportedInterfaceOrientations_iPad = "UIInterfaceOrientationPortrait UIInterfaceOrientationPortraitUpsideDown UIInterfaceOrientationLandscapeLeft UIInterfaceOrientationLandscapeRight";
				INFOPLIST_KEY_UISupportedInterfaceOrientations_iPhone = "UIInterfaceOrientationPortrait UIInterfaceOrientationLandscapeLeft UIInterfaceOrientationLandscapeRight";
				LD_RUNPATH_SEARCH_PATHS = (
					"$(inherited)",
					"@executable_path/Frameworks",
				);
				MARKETING_VERSION = 1.0;
				PRODUCT_BUNDLE_IDENTIFIER = com.greysonmurray.Divvly;
				PRODUCT_NAME = "$(TARGET_NAME)";
				SWIFT_EMIT_LOC_STRINGS = YES;
				SWIFT_VERSION = 5.0;
				TARGETED_DEVICE_FAMILY = "1,2";
			};
			name = Debug;
		};
		D527E85529B3E3FE00832AA9 /* Release */ = {
			isa = XCBuildConfiguration;
			buildSettings = {
				ASSETCATALOG_COMPILER_APPICON_NAME = AppIcon;
				ASSETCATALOG_COMPILER_GLOBAL_ACCENT_COLOR_NAME = AccentColor;
				CODE_SIGN_STYLE = Automatic;
				CURRENT_PROJECT_VERSION = 1;
				DEVELOPMENT_ASSET_PATHS = "\"Divvly/Preview Content\"";
				DEVELOPMENT_TEAM = 66FV5XWR7J;
				ENABLE_PREVIEWS = YES;
				GENERATE_INFOPLIST_FILE = YES;
				INFOPLIST_KEY_UIApplicationSceneManifest_Generation = YES;
				INFOPLIST_KEY_UIApplicationSupportsIndirectInputEvents = YES;
				INFOPLIST_KEY_UILaunchScreen_Generation = YES;
				INFOPLIST_KEY_UISupportedInterfaceOrientations_iPad = "UIInterfaceOrientationPortrait UIInterfaceOrientationPortraitUpsideDown UIInterfaceOrientationLandscapeLeft UIInterfaceOrientationLandscapeRight";
				INFOPLIST_KEY_UISupportedInterfaceOrientations_iPhone = "UIInterfaceOrientationPortrait UIInterfaceOrientationLandscapeLeft UIInterfaceOrientationLandscapeRight";
				LD_RUNPATH_SEARCH_PATHS = (
					"$(inherited)",
					"@executable_path/Frameworks",
				);
				MARKETING_VERSION = 1.0;
				PRODUCT_BUNDLE_IDENTIFIER = com.greysonmurray.Divvly;
				PRODUCT_NAME = "$(TARGET_NAME)";
				SWIFT_EMIT_LOC_STRINGS = YES;
				SWIFT_VERSION = 5.0;
				TARGETED_DEVICE_FAMILY = "1,2";
			};
			name = Release;
		};
		D527E85729B3E3FE00832AA9 /* Debug */ = {
			isa = XCBuildConfiguration;
			buildSettings = {
				ALWAYS_EMBED_SWIFT_STANDARD_LIBRARIES = YES;
				BUNDLE_LOADER = "$(TEST_HOST)";
				CODE_SIGN_STYLE = Automatic;
				CURRENT_PROJECT_VERSION = 1;
				DEVELOPMENT_TEAM = 66FV5XWR7J;
				GENERATE_INFOPLIST_FILE = YES;
				IPHONEOS_DEPLOYMENT_TARGET = 16.2;
				MARKETING_VERSION = 1.0;
				PRODUCT_BUNDLE_IDENTIFIER = com.greysonmurray.DivvlyTests;
				PRODUCT_NAME = "$(TARGET_NAME)";
				SWIFT_EMIT_LOC_STRINGS = NO;
				SWIFT_VERSION = 5.0;
				TARGETED_DEVICE_FAMILY = "1,2";
				TEST_HOST = "$(BUILT_PRODUCTS_DIR)/Divvly.app/$(BUNDLE_EXECUTABLE_FOLDER_PATH)/Divvly";
			};
			name = Debug;
		};
		D527E85829B3E3FE00832AA9 /* Release */ = {
			isa = XCBuildConfiguration;
			buildSettings = {
				ALWAYS_EMBED_SWIFT_STANDARD_LIBRARIES = YES;
				BUNDLE_LOADER = "$(TEST_HOST)";
				CODE_SIGN_STYLE = Automatic;
				CURRENT_PROJECT_VERSION = 1;
				DEVELOPMENT_TEAM = 66FV5XWR7J;
				GENERATE_INFOPLIST_FILE = YES;
				IPHONEOS_DEPLOYMENT_TARGET = 16.2;
				MARKETING_VERSION = 1.0;
				PRODUCT_BUNDLE_IDENTIFIER = com.greysonmurray.DivvlyTests;
				PRODUCT_NAME = "$(TARGET_NAME)";
				SWIFT_EMIT_LOC_STRINGS = NO;
				SWIFT_VERSION = 5.0;
				TARGETED_DEVICE_FAMILY = "1,2";
				TEST_HOST = "$(BUILT_PRODUCTS_DIR)/Divvly.app/$(BUNDLE_EXECUTABLE_FOLDER_PATH)/Divvly";
			};
			name = Release;
		};
		D527E85A29B3E3FE00832AA9 /* Debug */ = {
			isa = XCBuildConfiguration;
			buildSettings = {
				ALWAYS_EMBED_SWIFT_STANDARD_LIBRARIES = YES;
				CODE_SIGN_STYLE = Automatic;
				CURRENT_PROJECT_VERSION = 1;
				DEVELOPMENT_TEAM = 66FV5XWR7J;
				GENERATE_INFOPLIST_FILE = YES;
				MARKETING_VERSION = 1.0;
				PRODUCT_BUNDLE_IDENTIFIER = com.greysonmurray.DivvlyUITests;
				PRODUCT_NAME = "$(TARGET_NAME)";
				SWIFT_EMIT_LOC_STRINGS = NO;
				SWIFT_VERSION = 5.0;
				TARGETED_DEVICE_FAMILY = "1,2";
				TEST_TARGET_NAME = Divvly;
			};
			name = Debug;
		};
		D527E85B29B3E3FE00832AA9 /* Release */ = {
			isa = XCBuildConfiguration;
			buildSettings = {
				ALWAYS_EMBED_SWIFT_STANDARD_LIBRARIES = YES;
				CODE_SIGN_STYLE = Automatic;
				CURRENT_PROJECT_VERSION = 1;
				DEVELOPMENT_TEAM = 66FV5XWR7J;
				GENERATE_INFOPLIST_FILE = YES;
				MARKETING_VERSION = 1.0;
				PRODUCT_BUNDLE_IDENTIFIER = com.greysonmurray.DivvlyUITests;
				PRODUCT_NAME = "$(TARGET_NAME)";
				SWIFT_EMIT_LOC_STRINGS = NO;
				SWIFT_VERSION = 5.0;
				TARGETED_DEVICE_FAMILY = "1,2";
				TEST_TARGET_NAME = Divvly;
			};
			name = Release;
		};
/* End XCBuildConfiguration section */

/* Begin XCConfigurationList section */
		D527E82529B3E3FD00832AA9 /* Build configuration list for PBXProject "Divvly" */ = {
			isa = XCConfigurationList;
			buildConfigurations = (
				D527E85129B3E3FE00832AA9 /* Debug */,
				D527E85229B3E3FE00832AA9 /* Release */,
			);
			defaultConfigurationIsVisible = 0;
			defaultConfigurationName = Release;
		};
		D527E85329B3E3FE00832AA9 /* Build configuration list for PBXNativeTarget "Divvly" */ = {
			isa = XCConfigurationList;
			buildConfigurations = (
				D527E85429B3E3FE00832AA9 /* Debug */,
				D527E85529B3E3FE00832AA9 /* Release */,
			);
			defaultConfigurationIsVisible = 0;
			defaultConfigurationName = Release;
		};
		D527E85629B3E3FE00832AA9 /* Build configuration list for PBXNativeTarget "DivvlyTests" */ = {
			isa = XCConfigurationList;
			buildConfigurations = (
				D527E85729B3E3FE00832AA9 /* Debug */,
				D527E85829B3E3FE00832AA9 /* Release */,
			);
			defaultConfigurationIsVisible = 0;
			defaultConfigurationName = Release;
		};
		D527E85929B3E3FE00832AA9 /* Build configuration list for PBXNativeTarget "DivvlyUITests" */ = {
			isa = XCConfigurationList;
			buildConfigurations = (
				D527E85A29B3E3FE00832AA9 /* Debug */,
				D527E85B29B3E3FE00832AA9 /* Release */,
			);
			defaultConfigurationIsVisible = 0;
			defaultConfigurationName = Release;
		};
/* End XCConfigurationList section */

/* Begin XCVersionGroup section */
		D527E83829B3E3FD00832AA9 /* Divvly.xcdatamodeld */ = {
			isa = XCVersionGroup;
			children = (
				D527E83929B3E3FD00832AA9 /* Divvly.xcdatamodel */,
			);
			currentVersion = D527E83929B3E3FD00832AA9 /* Divvly.xcdatamodel */;
			path = Divvly.xcdatamodeld;
			sourceTree = "<group>";
			versionGroupType = wrapper.xcdatamodel;
		};
/* End XCVersionGroup section */
	};
	rootObject = D527E82229B3E3FD00832AA9 /* Project object */;
}
